github.com/golang/protobuf v0.0.0-20170427213220-18c9bb326172 h1:ib1Vbb6/KliPKsRcZdmCUnFGP7/BcCWgW9+gR+sUQk0=
github.com/golang/protobuf v0.0.0-20170427213220-18c9bb326172/go.mod h1:6lQm79b+lXiMfvg/cZm0SGofjICqVBUtrP5yJMmIC1U=
github.com/gorilla/context v1.1.1/go.mod h1:kBGZzfjB9CEq2AlWe17Uuf7NDRt0dE0s8S51q0aT7Yg=
github.com/gorilla/mux v1.4.0 h1:N6R8isjoRv7IcVVlf0cTBbo0UDc9V6ZXWEm0HQoQmLo=
github.com/gorilla/mux v1.4.0/go.mod h1:1lud6UwP+6orDFRuTfBEV8e9/aOM/c4fVVCaMa2zaAs=
github.com/pilosa/go-pilosa v0.0.0-20181106203903-796d4f7d7f3b h1:LTgoy8IOgcc61WIgAq69hfV/tQOEvJZpG94bQpUuHLU=
github.com/pilosa/go-pilosa v0.0.0-20181106203903-796d4f7d7f3b/go.mod h1:uli4HiTymHocSAXJ9XpDbkH6kS63P8Yc0xyWDzooouc=
github.com/pilosa/pilosa v0.0.0-20181115192138-84148d4ee6c0 h1:ZmDq6zh49DGzTsB+bhXxud/aNZthvUdRpBJIoNSXh2Y=
github.com/pilosa/pilosa v0.0.0-20181115192138-84148d4ee6c0/go.mod h1:NgpkJkefqUKUHV7O3TqBOu89tsao3ksth2wzTNe8CPQ=
github.com/pkg/errors v0.8.0 h1:WdK/asTD0HN+q6hsWO3/vpuAkAr+tw6aNJNDFFf0+qw=
github.com/pkg/errors v0.8.0/go.mod h1:bwawxfHBFNV+L2hUp1rHADufV3IMtnDRdf1r5NINEl0=
github.com/rakyll/statik v0.0.0-20170410192944-89fe3459b5c8 h1:tLAYcZxG+XKuevcBQNkeGgV2Dc/EY1t/20FKWoYVI4E=
github.com/rakyll/statik v0.0.0-20170410192944-89fe3459b5c8/go.mod h1:OEi9wJV/fMUAGx1eNjq75DKDsJVuEv1U0oYdX6GX8Zs=
github.com/spf13/pflag v0.0.0-20170427125145-f1d95a35e132 h1:Z9FpVnwd+lo1kp/Mf5kL1XW57L+Vcu/40wC3/aFGCHY=
github.com/spf13/pflag v0.0.0-20170427125145-f1d95a35e132/go.mod h1:DYY7MBk1bdzusC3SYhjObp+wFpr4gzcvqqNjLnInEg4=
golang.org/x/net v0.0.0-20180530234432-1e491301e022 h1:MVYFTUmVD3/+ERcvRRI+P/C2+WOUimXh+Pd8LVsklZ4=
golang.org/x/net v0.0.0-20180530234432-1e491301e022/go.mod h1:mL1N/T3taQHkDXs73rZJwtUhF3w3ftmwwsq0BUmARs4=
golang.org/x/sync v0.0.0-20180314180146-1d60e4601c6f h1:wMNYb4v58l5UBM7MYRLPG6ZhfOqbKu7X5eyFl8ZhKvA=
golang.org/x/sync v0.0.0-20180314180146-1d60e4601c6f/go.mod h1:RxMgew5VJxzue5/jJTE5uejpjVlOe/izrB70Jof72aM=
