# This file is autogenerated, do not edit; changes may be undone by the next 'dep ensure'.


[[projects]]
  name = "github.com/golang/protobuf"
  packages = ["proto"]
  revision = "18c9bb3261723cd5401db4d0c9fbc5c3b6c70fe8"

[[projects]]
  name = "github.com/gorilla/context"
  packages = ["."]
  revision = "08b5f424b9271eedf6f9f0ce86cb9396ed337a42"
  version = "v1.1.1"

[[projects]]
  name = "github.com/gorilla/mux"
  packages = ["."]
  revision = "bcd8bc72b08df0f70df986b97f95590779502d31"
  version = "v1.4.0"

[[projects]]
  branch = "master"
  name = "github.com/pilosa/go-pilosa"
  packages = [
    ".",
    "gopilosa_pbuf"
  ]
  revision = "796d4f7d7f3b5a363be2562e4d1aab2fb6324404"

[[projects]]
  branch = "master"
  name = "github.com/pilosa/pilosa"
  packages = ["roaring"]
  revision = "84148d4ee6c00cb8c9884d0fcf77a092ce70014b"

[[projects]]
  name = "github.com/pkg/errors"
  packages = ["."]
  revision = "645ef00459ed84a119197bfb8d8205042c6df63d"
  version = "v0.8.0"

[[projects]]
  name = "github.com/rakyll/statik"
  packages = ["fs"]
  revision = "89fe3459b5c829c32e89bdff9c43f18aad728f2f"

[[projects]]
  name = "github.com/spf13/pflag"
  packages = ["."]
  revision = "f1d95a35e132e8a1868023a08932b14f0b8b8fcb"

[[projects]]
  branch = "master"
  name = "golang.org/x/net"
  packages = ["context"]
  revision = "1e491301e022f8f977054da4c2d852decd59571f"

[[projects]]
  branch = "master"
  name = "golang.org/x/sync"
  packages = ["errgroup"]
  revision = "1d60e4601c6fd243af51cc01ddf169918a5407ca"

[solve-meta]
  analyzer-name = "dep"
  analyzer-version = 1
  inputs-digest = "9b06ec34a6e78b01fa9e8ae4010092a9f410e5bbd789469e0153108e38a28fba"
  solver-name = "gps-cdcl"
  solver-version = 1
